<?xml version="1.0" encoding="utf-8"?>
<Project ToolsVersion="4.0" xmlns="http://schemas.microsoft.com/developer/msbuild/2003">
  <ItemGroup>
    <ClCompile Include="dllmain.cpp" />
    <ClCompile Include="rendering.cpp" />
    <ClCompile Include="overlay.cpp" />
    <ClCompile Include="communication.cpp" />
    <ClCompile Include="object_loop.cpp" />
    <ClCompile Include="sdk.cpp" />
    <ClCompile Include="math.cpp" />
    <ClCompile Include="baseplayer.cpp" />
    <ClCompile Include="unity.cpp" />
    <ClCompile Include="item.cpp" />
    <ClCompile Include="misc.cpp" />
    <ClCompile Include="aimbot.cpp" />
    <ClCompile Include="stdafx.cpp" />
    <ClCompile Include="security.cpp" />
    <ClCompile Include="Renderer\Wrapper\sprite\sprite.cpp" />
    <ClCompile Include="Renderer\Render.cpp" />
    <ClCompile Include="Menu\Framework\Button\Button.cpp" />
    <ClCompile Include="Menu\Framework\Checkbox\Checkbox.cpp" />
    <ClCompile Include="Menu\Framework\ColorPicker\ColorPicker.cpp" />
    <ClCompile Include="Menu\Framework\Dropdown\Dropdown.cpp" />
    <ClCompile Include="Menu\Framework\Form\Form.cpp" />
    <ClCompile Include="Menu\Framework\Group\Group.cpp" />
    <ClCompile Include="Menu\Framework\Hotkey\Hotkey.cpp" />
    <ClCompile Include="Menu\Framework\Label\Label.cpp" />
    <ClCompile Include="Menu\Framework\Listbox\Listbox.cpp" />
    <ClCompile Include="Menu\Framework\MultiDropdown\MultiDropdown.cpp" />
    <ClCompile Include="Menu\Framework\Slider\Slider.cpp" />
    <ClCompile Include="Menu\Framework\Textbox\Textbox.cpp" />
    <ClCompile Include="Menu\Framework\GUI.cpp" />
    <ClCompile Include="Menu\Helpers\InputHelper.cpp" />
    <ClCompile Include="Menu\Elements.cpp" />
    <ClCompile Include="Menu\Helpers\InputSys.cpp" />
    <ClCompile Include="Config.cpp" />
  </ItemGroup>
  <ItemGroup>
    <ClInclude Include="rendering.hpp" />
    <ClInclude Include="stdafx.hpp" />
    <ClInclude Include="overlay.hpp" />
    <ClInclude Include="xorstr.hpp" />
    <ClInclude Include="communication.hpp" />
    <ClInclude Include="cheat.hpp" />
    <ClInclude Include="object_loop.hpp" />
    <ClInclude Include="fnv1a.hpp" />
    <ClInclude Include="lazy_importer.hpp" />
    <ClInclude Include="sdk.hpp" />
    <ClInclude Include="math.hpp" />
    <ClInclude Include="baseplayer.hpp" />
    <ClInclude Include="unity.hpp" />
    <ClInclude Include="item.hpp" />
    <ClInclude Include="misc.hpp" />
    <ClInclude Include="aimbot.hpp" />
    <ClInclude Include="xorfloat.hpp" />
    <ClInclude Include="color.hpp" />
    <ClInclude Include="bytes.hpp" />
    <ClInclude Include="json.hpp" />
    <ClInclude Include="security.hpp" />
    <ClInclude Include="Renderer\Textures\titlebar.h" />
    <ClInclude Include="Renderer\Textures\weaponicons.h" />
    <ClInclude Include="Renderer\Wrapper\font\font.h" />
    <ClInclude Include="Renderer\Wrapper\sprite\sprite.h" />
    <ClInclude Include="Renderer\Render.hpp" />
    <ClInclude Include="Menu\Framework\Button\Button.h" />
    <ClInclude Include="Menu\Framework\Checkbox\Checkbox.h" />
    <ClInclude Include="Menu\Framework\ColorPicker\ColorPicker.h" />
    <ClInclude Include="Menu\Framework\Dropdown\Dropdown.h" />
    <ClInclude Include="Menu\Framework\Form\Form.h" />
    <ClInclude Include="Menu\Framework\Group\Group.h" />
    <ClInclude Include="Menu\Framework\Hotkey\Hotkey.h" />
    <ClInclude Include="Menu\Framework\Label\Label.h" />
    <ClInclude Include="Menu\Framework\Listbox\Listbox.h" />
    <ClInclude Include="Menu\Framework\MultiDropdown\MultiDropdown.h" />
    <ClInclude Include="Menu\Framework\Slider\Slider.h" />
    <ClInclude Include="Menu\Framework\Textbox\Textbox.h" />
    <ClInclude Include="Menu\Framework\GUI.h" />
    <ClInclude Include="Menu\Helpers\Easing.h" />
    <ClInclude Include="Menu\Helpers\InputHelper.h" />
    <ClInclude Include="Menu\Elements.h" />
    <ClInclude Include="Menu\Helpers\InputSys.hpp" />
    <ClInclude Include="Config.hpp" />
  </ItemGroup>
</Project>